
Microsoft Visual Studio Solution File, Format Version 12.00
# Visual Studio Version 17
VisualStudioVersion = 17.9.34728.123
MinimumVisualStudioVersion = 10.0.40219.1
Project("{FAE04EC0-301F-11D3-BF4B-00C04F79EFBC}") = "ThaIDAuthenExample", "ThaIDAuthenExample\ThaIDAuthenExample.csproj", "{43A70BBE-372D-40B9-8C2C-A645F8C3015A}"
EndProject
Project("{FAE04EC0-301F-11D3-BF4B-00C04F79EFBC}") = "ThaIDAuthenAPIExample", "ThaIDAuthenAPIExample\ThaIDAuthenAPIExample.csproj", "{3243BA0B-A830-40AC-93D7-4EF43390145D}"
EndProject
Global
	GlobalSection(SolutionConfigurationPlatforms) = preSolution
		Debug|Any CPU = Debug|Any CPU
		Release|Any CPU = Release|Any CPU
	EndGlobalSection
	GlobalSection(ProjectConfigurationPlatforms) = postSolution
		{43A70BBE-372D-40B9-8C2C-A645F8C3015A}.Debug|Any CPU.ActiveCfg = Debug|Any CPU
		{43A70BBE-372D-40B9-8C2C-A645F8C3015A}.Debug|Any CPU.Build.0 = Debug|Any CPU
		{43A70BBE-372D-40B9-8C2C-A645F8C3015A}.Release|Any CPU.ActiveCfg = Release|Any CPU
		{43A70BBE-372D-40B9-8C2C-A645F8C3015A}.Release|Any CPU.Build.0 = Release|Any CPU
		{3243BA0B-A830-40AC-93D7-4EF43390145D}.Debug|Any CPU.ActiveCfg = Debug|Any CPU
		{3243BA0B-A830-40AC-93D7-4EF43390145D}.Debug|Any CPU.Build.0 = Debug|Any CPU
		{3243BA0B-A830-40AC-93D7-4EF43390145D}.Release|Any CPU.ActiveCfg = Release|Any CPU
		{3243BA0B-A830-40AC-93D7-4EF43390145D}.Release|Any CPU.Build.0 = Release|Any CPU
	EndGlobalSection
	GlobalSection(SolutionProperties) = preSolution
		HideSolutionNode = FALSE
	EndGlobalSection
	GlobalSection(ExtensibilityGlobals) = postSolution
		SolutionGuid = {67547BAE-6C8C-4529-A0CC-42623B3AA5DF}
	EndGlobalSection
EndGlobal
